
Microsoft Visual Studio Solution File, Format Version 12.00
# Visual Studio 14
VisualStudioVersion = 14.0.23107.0
MinimumVisualStudioVersion = 10.0.40219.1
Project("{FAE04EC0-301F-11D3-BF4B-00C04F79EFBC}") = "ValueVSReferenceTypes", "ValueVSReferenceTypes\ValueVSReferenceTypes.csproj", "{892C6F66-6D8D-4367-A9D2-FC6A6B92D79F}"
EndProject
Project("{2150E333-8FDC-42A3-9474-1A3956D46DE8}") = "Solution Items", "Solution Items", "{EE5970DE-A28D-4A34-925E-9714E633AF82}"
EndProject
Global
	GlobalSection(SolutionConfigurationPlatforms) = preSolution
		Debug|Any CPU = Debug|Any CPU
		Release|Any CPU = Release|Any CPU
	EndGlobalSection
	GlobalSection(ProjectConfigurationPlatforms) = postSolution
		{892C6F66-6D8D-4367-A9D2-FC6A6B92D79F}.Debug|Any CPU.ActiveCfg = Debug|Any CPU
		{892C6F66-6D8D-4367-A9D2-FC6A6B92D79F}.Debug|Any CPU.Build.0 = Debug|Any CPU
		{892C6F66-6D8D-4367-A9D2-FC6A6B92D79F}.Release|Any CPU.ActiveCfg = Release|Any CPU
		{892C6F66-6D8D-4367-A9D2-FC6A6B92D79F}.Release|Any CPU.Build.0 = Release|Any CPU
	EndGlobalSection
	GlobalSection(SolutionProperties) = preSolution
		HideSolutionNode = FALSE
	EndGlobalSection
EndGlobal
