
Microsoft Visual Studio Solution File, Format Version 12.00
# Visual Studio 14
VisualStudioVersion = 14.0.23107.0
MinimumVisualStudioVersion = 10.0.40219.1
Project("{FAE04EC0-301F-11D3-BF4B-00C04F79EFBC}") = "InternalProtectedInternal", "InternalProtectedInternal\InternalProtectedInternal.csproj", "{A8363B08-4F26-459E-A7B0-5A7A625D57DC}"
EndProject
Project("{FAE04EC0-301F-11D3-BF4B-00C04F79EFBC}") = "AssemblyOne", "Assembly1\AssemblyOne.csproj", "{20B52574-3E3D-4659-B499-82C1AC20FBA1}"
EndProject
Project("{FAE04EC0-301F-11D3-BF4B-00C04F79EFBC}") = "AssemblyTwo", "Assembly2\AssemblyTwo.csproj", "{D08504B5-D7C8-4E18-81DD-86A222E81F61}"
EndProject
Project("{FAE04EC0-301F-11D3-BF4B-00C04F79EFBC}") = "AssemblyThree", "AssemblyThree\AssemblyThree.csproj", "{AB38ED12-1D0A-4AC3-88C3-DFE6B17A17FD}"
EndProject
Global
	GlobalSection(SolutionConfigurationPlatforms) = preSolution
		Debug|Any CPU = Debug|Any CPU
		Release|Any CPU = Release|Any CPU
	EndGlobalSection
	GlobalSection(ProjectConfigurationPlatforms) = postSolution
		{A8363B08-4F26-459E-A7B0-5A7A625D57DC}.Debug|Any CPU.ActiveCfg = Debug|Any CPU
		{A8363B08-4F26-459E-A7B0-5A7A625D57DC}.Debug|Any CPU.Build.0 = Debug|Any CPU
		{A8363B08-4F26-459E-A7B0-5A7A625D57DC}.Release|Any CPU.ActiveCfg = Release|Any CPU
		{A8363B08-4F26-459E-A7B0-5A7A625D57DC}.Release|Any CPU.Build.0 = Release|Any CPU
		{20B52574-3E3D-4659-B499-82C1AC20FBA1}.Debug|Any CPU.ActiveCfg = Debug|Any CPU
		{20B52574-3E3D-4659-B499-82C1AC20FBA1}.Debug|Any CPU.Build.0 = Debug|Any CPU
		{20B52574-3E3D-4659-B499-82C1AC20FBA1}.Release|Any CPU.ActiveCfg = Release|Any CPU
		{20B52574-3E3D-4659-B499-82C1AC20FBA1}.Release|Any CPU.Build.0 = Release|Any CPU
		{D08504B5-D7C8-4E18-81DD-86A222E81F61}.Debug|Any CPU.ActiveCfg = Debug|Any CPU
		{D08504B5-D7C8-4E18-81DD-86A222E81F61}.Debug|Any CPU.Build.0 = Debug|Any CPU
		{D08504B5-D7C8-4E18-81DD-86A222E81F61}.Release|Any CPU.ActiveCfg = Release|Any CPU
		{D08504B5-D7C8-4E18-81DD-86A222E81F61}.Release|Any CPU.Build.0 = Release|Any CPU
		{AB38ED12-1D0A-4AC3-88C3-DFE6B17A17FD}.Debug|Any CPU.ActiveCfg = Debug|Any CPU
		{AB38ED12-1D0A-4AC3-88C3-DFE6B17A17FD}.Debug|Any CPU.Build.0 = Debug|Any CPU
		{AB38ED12-1D0A-4AC3-88C3-DFE6B17A17FD}.Release|Any CPU.ActiveCfg = Release|Any CPU
		{AB38ED12-1D0A-4AC3-88C3-DFE6B17A17FD}.Release|Any CPU.Build.0 = Release|Any CPU
	EndGlobalSection
	GlobalSection(SolutionProperties) = preSolution
		HideSolutionNode = FALSE
	EndGlobalSection
EndGlobal
